
Microsoft Visual Studio Solution File, Format Version 12.00
# Visual Studio 15
VisualStudioVersion = 15.0.28307.102
MinimumVisualStudioVersion = 10.0.40219.1
Project("{9A19103F-16F7-4668-BE54-9A1E7A4F7556}") = "smartDormitory.Data", "smartDormitory.Data\smartDormitory.Data.csproj", "{B2159507-67AD-4876-BCA4-6362385D1E32}"
EndProject
Project("{FAE04EC0-301F-11D3-BF4B-00C04F79EFBC}") = "smartDormitory.WEB", "smartDormitory.WEB\smartDormitory.WEB.csproj", "{09E73EAF-555F-430E-9BED-051033A024A1}"
EndProject
Global
	GlobalSection(SolutionConfigurationPlatforms) = preSolution
		Debug|Any CPU = Debug|Any CPU
		Release|Any CPU = Release|Any CPU
	EndGlobalSection
	GlobalSection(ProjectConfigurationPlatforms) = postSolution
		{B2159507-67AD-4876-BCA4-6362385D1E32}.Debug|Any CPU.ActiveCfg = Debug|Any CPU
		{B2159507-67AD-4876-BCA4-6362385D1E32}.Debug|Any CPU.Build.0 = Debug|Any CPU
		{B2159507-67AD-4876-BCA4-6362385D1E32}.Release|Any CPU.ActiveCfg = Release|Any CPU
		{B2159507-67AD-4876-BCA4-6362385D1E32}.Release|Any CPU.Build.0 = Release|Any CPU
		{09E73EAF-555F-430E-9BED-051033A024A1}.Debug|Any CPU.ActiveCfg = Debug|Any CPU
		{09E73EAF-555F-430E-9BED-051033A024A1}.Debug|Any CPU.Build.0 = Debug|Any CPU
		{09E73EAF-555F-430E-9BED-051033A024A1}.Release|Any CPU.ActiveCfg = Release|Any CPU
		{09E73EAF-555F-430E-9BED-051033A024A1}.Release|Any CPU.Build.0 = Release|Any CPU
	EndGlobalSection
	GlobalSection(SolutionProperties) = preSolution
		HideSolutionNode = FALSE
	EndGlobalSection
	GlobalSection(ExtensibilityGlobals) = postSolution
		SolutionGuid = {2D297A42-A0DF-409D-9B42-0F1C289C5B47}
	EndGlobalSection
EndGlobal
